{
  "name": "ainra-verifier-kit",
  "version": "0.3.0",
  "lockfileVersion": 3,
  "requires": true,
  "packages": {
    "": {
      "name": "ainra-verifier-kit",
      "version": "0.3.0",
      "license": "Apache-2.0 OR MIT",
      "dependencies": {
        "@ainra/sdk": "file:../../packages/sdk-ts"
      },
      "bin": {
        "ainra-check-attestation": "check-attestation.mjs",
        "ainra-verify-kit": "verify-kit.mjs"
      }
    },
    "../../packages/sdk-ts": {
      "name": "@ainra/sdk",
      "version": "0.3.3",
      "license": "Apache-2.0 OR MIT",
      "dependencies": {
        "@noble/curves": "^1.6.0",
        "@noble/hashes": "^1.5.0",
        "@noble/post-quantum": "^0.2.0"
      },
      "devDependencies": {
        "@types/node": "^26.1.1",
        "esbuild": "^0.28.1",
        "fflate": "^0.8.2",
        "typescript": "^5.6.0"
      }
    },
    "node_modules/@ainra/sdk": {
      "resolved": "../../packages/sdk-ts",
      "link": true
    }
  }
}
